
Microsoft Visual Studio Solution File, Format Version 12.00
# Visual Studio Version 17
VisualStudioVersion = 17.6.33815.320
MinimumVisualStudioVersion = 10.0.40219.1
Project("{9A19103F-16F7-4668-BE54-9A1E7A4F7556}") = "Client", "Client.csproj", "{82E348B9-7DE8-4BC2-918F-8E38E659945C}"
EndProject
Project("{9A19103F-16F7-4668-BE54-9A1E7A4F7556}") = "Server", "..\hw1-cs535-server-main\Server.csproj", "{0175B283-B66D-40BB-989E-DA177740D0F0}"
EndProject
Global
	GlobalSection(SolutionConfigurationPlatforms) = preSolution
		Debug|Any CPU = Debug|Any CPU
		Release|Any CPU = Release|Any CPU
	EndGlobalSection
	GlobalSection(ProjectConfigurationPlatforms) = postSolution
		{82E348B9-7DE8-4BC2-918F-8E38E659945C}.Debug|Any CPU.ActiveCfg = Debug|Any CPU
		{82E348B9-7DE8-4BC2-918F-8E38E659945C}.Debug|Any CPU.Build.0 = Debug|Any CPU
		{82E348B9-7DE8-4BC2-918F-8E38E659945C}.Release|Any CPU.ActiveCfg = Release|Any CPU
		{82E348B9-7DE8-4BC2-918F-8E38E659945C}.Release|Any CPU.Build.0 = Release|Any CPU
		{0175B283-B66D-40BB-989E-DA177740D0F0}.Debug|Any CPU.ActiveCfg = Debug|Any CPU
		{0175B283-B66D-40BB-989E-DA177740D0F0}.Debug|Any CPU.Build.0 = Debug|Any CPU
		{0175B283-B66D-40BB-989E-DA177740D0F0}.Release|Any CPU.ActiveCfg = Release|Any CPU
		{0175B283-B66D-40BB-989E-DA177740D0F0}.Release|Any CPU.Build.0 = Release|Any CPU
	EndGlobalSection
	GlobalSection(SolutionProperties) = preSolution
		HideSolutionNode = FALSE
	EndGlobalSection
	GlobalSection(ExtensibilityGlobals) = postSolution
		SolutionGuid = {BB587AC9-0E22-441E-8A89-72F36410DF48}
	EndGlobalSection
EndGlobal
